
Microsoft Visual Studio Solution File, Format Version 12.00
# Visual Studio Version 16
VisualStudioVersion = 16.0.29709.97
MinimumVisualStudioVersion = 10.0.40219.1
Project("{FAE04EC0-301F-11D3-BF4B-00C04F79EFBC}") = "WebApplication1", "WebApplication1\WebApplication1.csproj", "{1F8FB786-EC4B-4D2D-ACCC-F41E998A4CB8}"
EndProject
Global
	GlobalSection(SolutionConfigurationPlatforms) = preSolution
		Debug|Any CPU = Debug|Any CPU
		Release|Any CPU = Release|Any CPU
	EndGlobalSection
	GlobalSection(ProjectConfigurationPlatforms) = postSolution
		{1F8FB786-EC4B-4D2D-ACCC-F41E998A4CB8}.Debug|Any CPU.ActiveCfg = Debug|Any CPU
		{1F8FB786-EC4B-4D2D-ACCC-F41E998A4CB8}.Debug|Any CPU.Build.0 = Debug|Any CPU
		{1F8FB786-EC4B-4D2D-ACCC-F41E998A4CB8}.Release|Any CPU.ActiveCfg = Release|Any CPU
		{1F8FB786-EC4B-4D2D-ACCC-F41E998A4CB8}.Release|Any CPU.Build.0 = Release|Any CPU
	EndGlobalSection
	GlobalSection(SolutionProperties) = preSolution
		HideSolutionNode = FALSE
	EndGlobalSection
	GlobalSection(ExtensibilityGlobals) = postSolution
		SolutionGuid = {483BA4A5-9686-4374-B5F9-421FAB60419A}
	EndGlobalSection
EndGlobal
